# This file is automatically @generated by Cargo.
# It is not intended for manual editing.
version = 3

[[package]]
name = "verifiable-intelligence"
version = "0.0.0"
dependencies = [
 "vi-cli",
]

[[package]]
name = "vi-cli"
version = "0.0.0"
dependencies = [
 "vi-client",
 "vi-errors",
 "vi-keygen",
 "vi-log",
 "vi-receipt",
 "vi-tui",
 "vi-verifier",
]

[[package]]
name = "vi-client"
version = "0.0.0"
dependencies = [
 "vi-errors",
 "vi-receipt",
]

[[package]]
name = "vi-errors"
version = "0.0.0"

[[package]]
name = "vi-keygen"
version = "0.0.0"
dependencies = [
 "vi-errors",
 "vi-receipt",
]

[[package]]
name = "vi-log"
version = "0.0.0"

[[package]]
name = "vi-receipt"
version = "0.0.0"
dependencies = [
 "vi-errors",
]

[[package]]
name = "vi-tui"
version = "0.0.0"
dependencies = [
 "vi-client",
 "vi-errors",
 "vi-verifier",
]

[[package]]
name = "vi-verifier"
version = "0.0.0"
dependencies = [
 "vi-errors",
 "vi-receipt",
]
